
Microsoft Visual Studio Solution File, Format Version 12.00
# Visual Studio Version 17
VisualStudioVersion = 17.5.002.0
MinimumVisualStudioVersion = 10.0.40219.1
Project("{9A19103F-16F7-4668-BE54-9A1E7A4F7556}") = "DachStackTodoExample", "DachStackTodoExample\DachStackTodoExample.csproj", "{B4FAE966-CC25-4AB6-BA96-BAE0DBDDE0CE}"
EndProject
Project("{FAE04EC0-301F-11D3-BF4B-00C04F79EFBC}") = "DachStackFileExample", "DachStackFileExample\DachStackFileExample.csproj", "{F3A25FF6-DC6E-4631-BCA0-E88B130CD2AF}"
EndProject
Project("{FAE04EC0-301F-11D3-BF4B-00C04F79EFBC}") = "DachStackChatExample", "DachStackChatExample\DachStackChatExample.csproj", "{32490520-1FA1-4BE1-9AEF-2E9CE5ED5AE1}"
EndProject
Global
	GlobalSection(SolutionConfigurationPlatforms) = preSolution
		Debug|Any CPU = Debug|Any CPU
		Release|Any CPU = Release|Any CPU
	EndGlobalSection
	GlobalSection(ProjectConfigurationPlatforms) = postSolution
		{B4FAE966-CC25-4AB6-BA96-BAE0DBDDE0CE}.Debug|Any CPU.ActiveCfg = Debug|Any CPU
		{B4FAE966-CC25-4AB6-BA96-BAE0DBDDE0CE}.Debug|Any CPU.Build.0 = Debug|Any CPU
		{B4FAE966-CC25-4AB6-BA96-BAE0DBDDE0CE}.Release|Any CPU.ActiveCfg = Release|Any CPU
		{B4FAE966-CC25-4AB6-BA96-BAE0DBDDE0CE}.Release|Any CPU.Build.0 = Release|Any CPU
		{F3A25FF6-DC6E-4631-BCA0-E88B130CD2AF}.Debug|Any CPU.ActiveCfg = Debug|Any CPU
		{F3A25FF6-DC6E-4631-BCA0-E88B130CD2AF}.Debug|Any CPU.Build.0 = Debug|Any CPU
		{F3A25FF6-DC6E-4631-BCA0-E88B130CD2AF}.Release|Any CPU.ActiveCfg = Release|Any CPU
		{F3A25FF6-DC6E-4631-BCA0-E88B130CD2AF}.Release|Any CPU.Build.0 = Release|Any CPU
		{32490520-1FA1-4BE1-9AEF-2E9CE5ED5AE1}.Debug|Any CPU.ActiveCfg = Debug|Any CPU
		{32490520-1FA1-4BE1-9AEF-2E9CE5ED5AE1}.Debug|Any CPU.Build.0 = Debug|Any CPU
		{32490520-1FA1-4BE1-9AEF-2E9CE5ED5AE1}.Release|Any CPU.ActiveCfg = Release|Any CPU
		{32490520-1FA1-4BE1-9AEF-2E9CE5ED5AE1}.Release|Any CPU.Build.0 = Release|Any CPU
	EndGlobalSection
	GlobalSection(SolutionProperties) = preSolution
		HideSolutionNode = FALSE
	EndGlobalSection
	GlobalSection(ExtensibilityGlobals) = postSolution
		SolutionGuid = {721DA6A6-C337-4EFB-8434-E11860DDAF29}
	EndGlobalSection
EndGlobal
